// !$*UTF8*$!
{
	archiveVersion = 1;
	classes = {
	};
	objectVersion = 56;
	objects = {

/* Begin PBXBuildFile section */
		BF0000000000000000000001 /* MaozedongReaderApp.swift in Sources */ = {isa = PBXBuildFile; fileRef = FR00000000000000000000001 /* MaozedongReaderApp.swift */; };
		BF0000000000000000000003 /* DocumentCategory.swift in Sources */ = {isa = PBXBuildFile; fileRef = FR00000000000000000000003 /* DocumentCategory.swift */; };
		BF0000000000000000000004 /* DocumentItem.swift in Sources */ = {isa = PBXBuildFile; fileRef = FR00000000000000000000004 /* DocumentItem.swift */; };
		BF0000000000000000000005 /* ReaderStateSnapshot.swift in Sources */ = {isa = PBXBuildFile; fileRef = FR00000000000000000000005 /* ReaderStateSnapshot.swift */; };
		BF0000000000000000000006 /* ReadingPreferences.swift in Sources */ = {isa = PBXBuildFile; fileRef = FR00000000000000000000006 /* ReadingPreferences.swift */; };
		BF0000000000000000000007 /* DocumentStore.swift in Sources */ = {isa = PBXBuildFile; fileRef = FR00000000000000000000007 /* DocumentStore.swift */; };
		BF0000000000000000000008 /* InlineMarkdownFormatter.swift in Sources */ = {isa = PBXBuildFile; fileRef = FR00000000000000000000008 /* InlineMarkdownFormatter.swift */; };
		BF0000000000000000000009 /* MarkdownBlockParser.swift in Sources */ = {isa = PBXBuildFile; fileRef = FR00000000000000000000009 /* MarkdownBlockParser.swift */; };
		BF000000000000000000000A /* PlainTextFileImporter.swift in Sources */ = {isa = PBXBuildFile; fileRef = FR0000000000000000000000A /* PlainTextFileImporter.swift */; };
		BF000000000000000000000B /* PlainTextParagraphs.swift in Sources */ = {isa = PBXBuildFile; fileRef = FR0000000000000000000000B /* PlainTextParagraphs.swift */; };
		BF000000000000000000000C /* SpeechService.swift in Sources */ = {isa = PBXBuildFile; fileRef = FR0000000000000000000000C /* SpeechService.swift */; };
		BF000000000000000000000D /* StableUUID.swift in Sources */ = {isa = PBXBuildFile; fileRef = FR0000000000000000000000D /* StableUUID.swift */; };
		BF0000000000000000000018 /* PoetryCorpusParser.swift in Sources */ = {isa = PBXBuildFile; fileRef = FR00000000000000000000018 /* PoetryCorpusParser.swift */; };
		BF0000000000000000000019 /* BundledPoetryImporter.swift in Sources */ = {isa = PBXBuildFile; fileRef = FR00000000000000000000019 /* BundledPoetryImporter.swift */; };
		BF000000000000000000001A /* BundledPoetryCorpus_part01.txt in Resources */ = {isa = PBXBuildFile; fileRef = FR0000000000000000000001A /* BundledPoetryCorpus_part01.txt */; };
		BF000000000000000000001B /* BundledPoetryCorpus_part02.txt in Resources */ = {isa = PBXBuildFile; fileRef = FR0000000000000000000001B /* BundledPoetryCorpus_part02.txt */; };
		BF000000000000000000001C /* BundledPoetryCorpus_part03.txt in Resources */ = {isa = PBXBuildFile; fileRef = FR0000000000000000000001C /* BundledPoetryCorpus_part03.txt */; };
		BF000000000000000000001D /* BundledPoetryCorpus_part04.txt in Resources */ = {isa = PBXBuildFile; fileRef = FR0000000000000000000001D /* BundledPoetryCorpus_part04.txt */; };
		BF000000000000000000001E /* BundledPoetryCorpus_part05.txt in Resources */ = {isa = PBXBuildFile; fileRef = FR0000000000000000000001E /* BundledPoetryCorpus_part05.txt */; };
		BF000000000000000000001F /* BundledPoetryCorpus_part06.txt in Resources */ = {isa = PBXBuildFile; fileRef = FR0000000000000000000001F /* BundledPoetryCorpus_part06.txt */; };
		BF0000000000000000000020 /* README_CORPUS.txt in Resources */ = {isa = PBXBuildFile; fileRef = FR00000000000000000000020 /* README_CORPUS.txt */; };
		BF0000000000000000000028 /* AnthologyTOC.md in Resources */ = {isa = PBXBuildFile; fileRef = FR00000000000000000000028 /* AnthologyTOC.md */; };
		BF000000000000000000000E /* LibraryView.swift in Sources */ = {isa = PBXBuildFile; fileRef = FR0000000000000000000000E /* LibraryView.swift */; };
		BF0000000000000000000021 /* PoetryReaderPager.swift in Sources */ = {isa = PBXBuildFile; fileRef = FR00000000000000000000021 /* PoetryReaderPager.swift */; };
		BF0000000000000000000024 /* AnthologyReaderPager.swift in Sources */ = {isa = PBXBuildFile; fileRef = FR00000000000000000000024 /* AnthologyReaderPager.swift */; };
		BF0000000000000000000026 /* BundledAnthology in Resources */ = {isa = PBXBuildFile; fileRef = FR00000000000000000000026 /* BundledAnthology */; };
		BF0000000000000000000027 /* BundledAnthologyImporter.swift in Sources */ = {isa = PBXBuildFile; fileRef = FR00000000000000000000027 /* BundledAnthologyImporter.swift */; };
		BF0000000000000000000029 /* AnthologyTocParser.swift in Sources */ = {isa = PBXBuildFile; fileRef = FR00000000000000000000029 /* AnthologyTocParser.swift */; };
		BF0000000000000000000022 /* PoemDateExtractor.swift in Sources */ = {isa = PBXBuildFile; fileRef = FR00000000000000000000022 /* PoemDateExtractor.swift */; };
		BF0000000000000000000023 /* DocumentItem+Sort.swift in Sources */ = {isa = PBXBuildFile; fileRef = FR00000000000000000000023 /* DocumentItem+Sort.swift */; };
		BF000000000000000000000F /* ReaderView.swift in Sources */ = {isa = PBXBuildFile; fileRef = FR0000000000000000000000F /* ReaderView.swift */; };
		BF0000000000000000000010 /* SettingsPanel.swift in Sources */ = {isa = PBXBuildFile; fileRef = FR00000000000000000000010 /* SettingsPanel.swift */; };
		BF000000000000000000002A /* AppTheming.swift in Sources */ = {isa = PBXBuildFile; fileRef = FR0000000000000000000002A /* AppTheming.swift */; };
		BF000000000000000000002B /* AppAppearanceUIKit.swift in Sources */ = {isa = PBXBuildFile; fileRef = FR0000000000000000000002B /* AppAppearanceUIKit.swift */; };
		BF000000000000000000002C /* ReaderTypography.swift in Sources */ = {isa = PBXBuildFile; fileRef = FR0000000000000000000002C /* ReaderTypography.swift */; };
		BF000000000000000000002D /* LeadLayoutNormalizer.swift in Sources */ = {isa = PBXBuildFile; fileRef = FR0000000000000000000002D /* LeadLayoutNormalizer.swift */; };
		BF000000000000000000002F /* LibraryRoute.swift in Sources */ = {isa = PBXBuildFile; fileRef = FR0000000000000000000002F /* LibraryRoute.swift */; };
		BF0000000000000000000030 /* ReadingThemeResolver.swift in Sources */ = {isa = PBXBuildFile; fileRef = FR00000000000000000000030 /* ReadingThemeResolver.swift */; };
		BF0000000000000000000033 /* ActivityShareSheet.swift in Sources */ = {isa = PBXBuildFile; fileRef = FR00000000000000000000033 /* ActivityShareSheet.swift */; };
		BF0000000000000000000034 /* HorizontalReaderPager.swift in Sources */ = {isa = PBXBuildFile; fileRef = FR00000000000000000000034 /* HorizontalReaderPager.swift */; };
		BF0000000000000000000011 /* AVFoundation.framework in Frameworks */ = {isa = PBXBuildFile; fileRef = FR00000000000000000000011 /* AVFoundation.framework */; };
		BF0000000000000000000013 /* Assets.xcassets in Resources */ = {isa = PBXBuildFile; fileRef = FR00000000000000000000013 /* Assets.xcassets */; };
		BF0000000000000000000037 /* AppFonts.swift in Sources */ = {isa = PBXBuildFile; fileRef = FR00000000000000000000037 /* AppFonts.swift */; };
		BF0000000000000000000038 /* AppTypography.swift in Sources */ = {isa = PBXBuildFile; fileRef = FR00000000000000000000038 /* AppTypography.swift */; };
		BF0000000000000000000039 /* NotoSerifCJKsc-Regular.otf in Resources */ = {isa = PBXBuildFile; fileRef = FR00000000000000000000039 /* NotoSerifCJKsc-Regular.otf */; };
		BF000000000000000000003A /* NotoSerif-LICENSE.txt in Resources */ = {isa = PBXBuildFile; fileRef = FR0000000000000000000003A /* NotoSerif-LICENSE.txt */; };
		BF000000000000000000003B /* LibrarySearchIndex.swift in Sources */ = {isa = PBXBuildFile; fileRef = FR0000000000000000000003B /* LibrarySearchIndex.swift */; };
/* End PBXBuildFile section */

/* Begin PBXFileReference section */
		FR00000000000000000000001 /* MaozedongReaderApp.swift */ = {isa = PBXFileReference; lastKnownFileType = sourcecode.swift; path = MaozedongReaderApp.swift; sourceTree = "<group>"; };
		FR00000000000000000000003 /* DocumentCategory.swift */ = {isa = PBXFileReference; lastKnownFileType = sourcecode.swift; path = DocumentCategory.swift; sourceTree = "<group>"; };
		FR00000000000000000000004 /* DocumentItem.swift */ = {isa = PBXFileReference; lastKnownFileType = sourcecode.swift; path = DocumentItem.swift; sourceTree = "<group>"; };
		FR00000000000000000000005 /* ReaderStateSnapshot.swift */ = {isa = PBXFileReference; lastKnownFileType = sourcecode.swift; path = ReaderStateSnapshot.swift; sourceTree = "<group>"; };
		FR00000000000000000000006 /* ReadingPreferences.swift */ = {isa = PBXFileReference; lastKnownFileType = sourcecode.swift; path = ReadingPreferences.swift; sourceTree = "<group>"; };
		FR00000000000000000000007 /* DocumentStore.swift */ = {isa = PBXFileReference; lastKnownFileType = sourcecode.swift; path = DocumentStore.swift; sourceTree = "<group>"; };
		FR00000000000000000000008 /* InlineMarkdownFormatter.swift */ = {isa = PBXFileReference; lastKnownFileType = sourcecode.swift; path = InlineMarkdownFormatter.swift; sourceTree = "<group>"; };
		FR00000000000000000000009 /* MarkdownBlockParser.swift */ = {isa = PBXFileReference; lastKnownFileType = sourcecode.swift; path = MarkdownBlockParser.swift; sourceTree = "<group>"; };
		FR0000000000000000000000A /* PlainTextFileImporter.swift */ = {isa = PBXFileReference; lastKnownFileType = sourcecode.swift; path = PlainTextFileImporter.swift; sourceTree = "<group>"; };
		FR0000000000000000000000B /* PlainTextParagraphs.swift */ = {isa = PBXFileReference; lastKnownFileType = sourcecode.swift; path = PlainTextParagraphs.swift; sourceTree = "<group>"; };
		FR0000000000000000000000C /* SpeechService.swift */ = {isa = PBXFileReference; lastKnownFileType = sourcecode.swift; path = SpeechService.swift; sourceTree = "<group>"; };
		FR0000000000000000000000D /* StableUUID.swift */ = {isa = PBXFileReference; lastKnownFileType = sourcecode.swift; path = StableUUID.swift; sourceTree = "<group>"; };
		FR00000000000000000000018 /* PoetryCorpusParser.swift */ = {isa = PBXFileReference; lastKnownFileType = sourcecode.swift; path = PoetryCorpusParser.swift; sourceTree = "<group>"; };
		FR00000000000000000000019 /* BundledPoetryImporter.swift */ = {isa = PBXFileReference; lastKnownFileType = sourcecode.swift; path = BundledPoetryImporter.swift; sourceTree = "<group>"; };
		FR0000000000000000000001A /* BundledPoetryCorpus_part01.txt */ = {isa = PBXFileReference; lastKnownFileType = text; path = BundledPoetryCorpus_part01.txt; sourceTree = "<group>"; };
		FR0000000000000000000001B /* BundledPoetryCorpus_part02.txt */ = {isa = PBXFileReference; lastKnownFileType = text; path = BundledPoetryCorpus_part02.txt; sourceTree = "<group>"; };
		FR0000000000000000000001C /* BundledPoetryCorpus_part03.txt */ = {isa = PBXFileReference; lastKnownFileType = text; path = BundledPoetryCorpus_part03.txt; sourceTree = "<group>"; };
		FR0000000000000000000001D /* BundledPoetryCorpus_part04.txt */ = {isa = PBXFileReference; lastKnownFileType = text; path = BundledPoetryCorpus_part04.txt; sourceTree = "<group>"; };
		FR0000000000000000000001E /* BundledPoetryCorpus_part05.txt */ = {isa = PBXFileReference; lastKnownFileType = text; path = BundledPoetryCorpus_part05.txt; sourceTree = "<group>"; };
		FR0000000000000000000001F /* BundledPoetryCorpus_part06.txt */ = {isa = PBXFileReference; lastKnownFileType = text; path = BundledPoetryCorpus_part06.txt; sourceTree = "<group>"; };
		FR00000000000000000000020 /* README_CORPUS.txt */ = {isa = PBXFileReference; lastKnownFileType = text; path = README_CORPUS.txt; sourceTree = "<group>"; };
		FR00000000000000000000028 /* AnthologyTOC.md */ = {isa = PBXFileReference; lastKnownFileType = net.daringfireball.markdown; path = AnthologyTOC.md; sourceTree = "<group>"; };
		FR00000000000000000000029 /* AnthologyTocParser.swift */ = {isa = PBXFileReference; lastKnownFileType = sourcecode.swift; path = AnthologyTocParser.swift; sourceTree = "<group>"; };
		FR0000000000000000000000E /* LibraryView.swift */ = {isa = PBXFileReference; lastKnownFileType = sourcecode.swift; path = LibraryView.swift; sourceTree = "<group>"; };
		FR00000000000000000000021 /* PoetryReaderPager.swift */ = {isa = PBXFileReference; lastKnownFileType = sourcecode.swift; path = PoetryReaderPager.swift; sourceTree = "<group>"; };
		FR00000000000000000000024 /* AnthologyReaderPager.swift */ = {isa = PBXFileReference; lastKnownFileType = sourcecode.swift; path = AnthologyReaderPager.swift; sourceTree = "<group>"; };
		FR00000000000000000000026 /* BundledAnthology */ = {isa = PBXFileReference; lastKnownFileType = folder; path = BundledAnthology; sourceTree = "<group>"; };
		FR00000000000000000000027 /* BundledAnthologyImporter.swift */ = {isa = PBXFileReference; lastKnownFileType = sourcecode.swift; path = BundledAnthologyImporter.swift; sourceTree = "<group>"; };
		FR00000000000000000000022 /* PoemDateExtractor.swift */ = {isa = PBXFileReference; lastKnownFileType = sourcecode.swift; path = PoemDateExtractor.swift; sourceTree = "<group>"; };
		FR00000000000000000000023 /* DocumentItem+Sort.swift */ = {isa = PBXFileReference; lastKnownFileType = sourcecode.swift; path = "DocumentItem+Sort.swift"; sourceTree = "<group>"; };
		FR0000000000000000000000F /* ReaderView.swift */ = {isa = PBXFileReference; lastKnownFileType = sourcecode.swift; path = ReaderView.swift; sourceTree = "<group>"; };
		FR00000000000000000000010 /* SettingsPanel.swift */ = {isa = PBXFileReference; lastKnownFileType = sourcecode.swift; path = SettingsPanel.swift; sourceTree = "<group>"; };
		FR0000000000000000000002A /* AppTheming.swift */ = {isa = PBXFileReference; lastKnownFileType = sourcecode.swift; path = AppTheming.swift; sourceTree = "<group>"; };
		FR0000000000000000000002B /* AppAppearanceUIKit.swift */ = {isa = PBXFileReference; lastKnownFileType = sourcecode.swift; path = AppAppearanceUIKit.swift; sourceTree = "<group>"; };
		FR0000000000000000000002C /* ReaderTypography.swift */ = {isa = PBXFileReference; lastKnownFileType = sourcecode.swift; path = ReaderTypography.swift; sourceTree = "<group>"; };
		FR0000000000000000000002D /* LeadLayoutNormalizer.swift */ = {isa = PBXFileReference; lastKnownFileType = sourcecode.swift; path = LeadLayoutNormalizer.swift; sourceTree = "<group>"; };
		FR0000000000000000000002F /* LibraryRoute.swift */ = {isa = PBXFileReference; lastKnownFileType = sourcecode.swift; path = LibraryRoute.swift; sourceTree = "<group>"; };
		FR00000000000000000000030 /* ReadingThemeResolver.swift */ = {isa = PBXFileReference; lastKnownFileType = sourcecode.swift; path = ReadingThemeResolver.swift; sourceTree = "<group>"; };
		FR00000000000000000000033 /* ActivityShareSheet.swift */ = {isa = PBXFileReference; lastKnownFileType = sourcecode.swift; path = ActivityShareSheet.swift; sourceTree = "<group>"; };
		FR00000000000000000000034 /* HorizontalReaderPager.swift */ = {isa = PBXFileReference; lastKnownFileType = sourcecode.swift; path = HorizontalReaderPager.swift; sourceTree = "<group>"; };
		FR00000000000000000000011 /* AVFoundation.framework */ = {isa = PBXFileReference; lastKnownFileType = wrapper.framework; name = AVFoundation.framework; path = System/Library/Frameworks/AVFoundation.framework; sourceTree = SDKROOT; };
		FR00000000000000000000013 /* Assets.xcassets */ = {isa = PBXFileReference; lastKnownFileType = folder.assetcatalog; path = Assets.xcassets; sourceTree = "<group>"; };
		FR00000000000000000000037 /* AppFonts.swift */ = {isa = PBXFileReference; lastKnownFileType = sourcecode.swift; path = AppFonts.swift; sourceTree = "<group>"; };
		FR00000000000000000000038 /* AppTypography.swift */ = {isa = PBXFileReference; lastKnownFileType = sourcecode.swift; path = AppTypography.swift; sourceTree = "<group>"; };
		FR00000000000000000000039 /* NotoSerifCJKsc-Regular.otf */ = {isa = PBXFileReference; lastKnownFileType = file; path = "NotoSerifCJKsc-Regular.otf"; sourceTree = "<group>"; };
		FR0000000000000000000003A /* NotoSerif-LICENSE.txt */ = {isa = PBXFileReference; lastKnownFileType = text; path = "NotoSerif-LICENSE.txt"; sourceTree = "<group>"; };
		FR0000000000000000000003B /* LibrarySearchIndex.swift */ = {isa = PBXFileReference; lastKnownFileType = sourcecode.swift; path = LibrarySearchIndex.swift; sourceTree = "<group>"; };
		FR00000000000000000000PLIST /* Info.plist */ = {isa = PBXFileReference; lastKnownFileType = text.plist.xml; path = Info.plist; sourceTree = "<group>"; };
		FR00000000000000000000APP /* MaozedongReader.app */ = {isa = PBXFileReference; explicitFileType = wrapper.application; includeInIndex = 0; path = MaozedongReader.app; sourceTree = BUILT_PRODUCTS_DIR; };
/* End PBXFileReference section */

/* Begin PBXFrameworksBuildPhase section */
		FPH0000000000000000000001 /* Frameworks */ = {
			isa = PBXFrameworksBuildPhase;
			buildActionMask = 2147483647;
			files = (
				BF0000000000000000000011 /* AVFoundation.framework in Frameworks */,
			);
			runOnlyForDeploymentPostprocessing = 0;
		};
/* End PBXFrameworksBuildPhase section */

/* Begin PBXGroup section */
		GR00000000000000000000001 = {
			isa = PBXGroup;
			children = (
				GR00000000000000000000002 /* MaozedongReader */,
				GR00000000000000000000003 /* Products */,
			);
			sourceTree = "<group>";
		};
		GR00000000000000000000002 /* MaozedongReader */ = {
			isa = PBXGroup;
			children = (
				FR00000000000000000000001 /* MaozedongReaderApp.swift */,
				FR00000000000000000000PLIST /* Info.plist */,
				FR00000000000000000000013 /* Assets.xcassets */,
				GR00000000000000000000004 /* Models */,
				GR00000000000000000000005 /* Services */,
				GR00000000000000000000006 /* Views */,
				GR00000000000000000000008 /* Resources */,
				FR00000000000000000000026 /* BundledAnthology */,
			);
			path = MaozedongReader;
			sourceTree = "<group>";
		};
		GR00000000000000000000009 /* Fonts */ = {
			isa = PBXGroup;
			children = (
				FR00000000000000000000039 /* NotoSerifCJKsc-Regular.otf */,
				FR0000000000000000000003A /* NotoSerif-LICENSE.txt */,
			);
			path = Fonts;
			sourceTree = "<group>";
		};
		GR00000000000000000000008 /* Resources */ = {
			isa = PBXGroup;
			children = (
				GR00000000000000000000009 /* Fonts */,
				FR00000000000000000000020 /* README_CORPUS.txt */,
				FR00000000000000000000028 /* AnthologyTOC.md */,
				FR0000000000000000000001A /* BundledPoetryCorpus_part01.txt */,
				FR0000000000000000000001B /* BundledPoetryCorpus_part02.txt */,
				FR0000000000000000000001C /* BundledPoetryCorpus_part03.txt */,
				FR0000000000000000000001D /* BundledPoetryCorpus_part04.txt */,
				FR0000000000000000000001E /* BundledPoetryCorpus_part05.txt */,
				FR0000000000000000000001F /* BundledPoetryCorpus_part06.txt */,
			);
			path = Resources;
			sourceTree = "<group>";
		};
		GR00000000000000000000003 /* Products */ = {
			isa = PBXGroup;
			children = (
				FR00000000000000000000APP /* MaozedongReader.app */,
			);
			name = Products;
			sourceTree = "<group>";
		};
		GR00000000000000000000004 /* Models */ = {
			isa = PBXGroup;
			children = (
				FR00000000000000000000003 /* DocumentCategory.swift */,
				FR00000000000000000000004 /* DocumentItem.swift */,
				FR00000000000000000000023 /* DocumentItem+Sort.swift */,
				FR00000000000000000000005 /* ReaderStateSnapshot.swift */,
				FR00000000000000000000006 /* ReadingPreferences.swift */,
			);
			path = Models;
			sourceTree = "<group>";
		};
		GR00000000000000000000005 /* Services */ = {
			isa = PBXGroup;
			children = (
				FR00000000000000000000007 /* DocumentStore.swift */,
				FR00000000000000000000037 /* AppFonts.swift */,
				FR00000000000000000000008 /* InlineMarkdownFormatter.swift */,
				FR00000000000000000000009 /* MarkdownBlockParser.swift */,
				FR0000000000000000000000A /* PlainTextFileImporter.swift */,
				FR0000000000000000000000B /* PlainTextParagraphs.swift */,
				FR0000000000000000000000C /* SpeechService.swift */,
				FR0000000000000000000000D /* StableUUID.swift */,
				FR00000000000000000000018 /* PoetryCorpusParser.swift */,
				FR00000000000000000000019 /* BundledPoetryImporter.swift */,
				FR00000000000000000000022 /* PoemDateExtractor.swift */,
				FR00000000000000000000027 /* BundledAnthologyImporter.swift */,
				FR00000000000000000000029 /* AnthologyTocParser.swift */,
				FR0000000000000000000002D /* LeadLayoutNormalizer.swift */,
				FR0000000000000000000003B /* LibrarySearchIndex.swift */,
			);
			path = Services;
			sourceTree = "<group>";
		};
		GR00000000000000000000006 /* Views */ = {
			isa = PBXGroup;
			children = (
				FR0000000000000000000000E /* LibraryView.swift */,
				FR00000000000000000000021 /* PoetryReaderPager.swift */,
				FR00000000000000000000024 /* AnthologyReaderPager.swift */,
				FR00000000000000000000034 /* HorizontalReaderPager.swift */,
				FR0000000000000000000000F /* ReaderView.swift */,
				FR00000000000000000000010 /* SettingsPanel.swift */,
				FR0000000000000000000002A /* AppTheming.swift */,
				FR00000000000000000000038 /* AppTypography.swift */,
				FR0000000000000000000002B /* AppAppearanceUIKit.swift */,
				FR0000000000000000000002C /* ReaderTypography.swift */,
				FR0000000000000000000002F /* LibraryRoute.swift */,
				FR00000000000000000000030 /* ReadingThemeResolver.swift */,
				FR00000000000000000000033 /* ActivityShareSheet.swift */,
			);
			path = Views;
			sourceTree = "<group>";
		};
/* End PBXGroup section */

/* Begin PBXNativeTarget section */
		NT00000000000000000000001 /* MaozedongReader */ = {
			isa = PBXNativeTarget;
			buildConfigurationList = BCL00000000000000000000002 /* Build configuration list for PBXNativeTarget "MaozedongReader" */;
			buildPhases = (
				SRC00000000000000000000001 /* Sources */,
				FPH0000000000000000000001 /* Frameworks */,
				RES00000000000000000000001 /* Resources */,
			);
			buildRules = (
			);
			dependencies = (
			);
			name = MaozedongReader;
			productName = MaozedongReader;
			productReference = FR00000000000000000000APP /* MaozedongReader.app */;
			productType = "com.apple.product-type.application";
		};
/* End PBXNativeTarget section */

/* Begin PBXProject section */
		PRJ00000000000000000000001 /* Project object */ = {
			isa = PBXProject;
			attributes = {
				BuildIndependentTargetsInParallel = 1;
				LastSwiftUpdateCheck = 1500;
				LastUpgradeCheck = 1500;
				TargetAttributes = {
					NT00000000000000000000001 = {
						CreatedOnToolsVersion = 15.0;
					};
				};
			};
			buildConfigurationList = BCL00000000000000000000001 /* Build configuration list for PBXProject "MaozedongReader" */;
			compatibilityVersion = "Xcode 14.0";
			developmentRegion = en;
			hasScannedForEncodings = 0;
			knownRegions = (
				en,
				Base,
			);
			mainGroup = GR00000000000000000000001;
			productRefGroup = GR00000000000000000000003 /* Products */;
			projectDirPath = "";
			projectRoot = "";
			targets = (
				NT00000000000000000000001 /* MaozedongReader */,
			);
		};
/* End PBXProject section */

/* Begin PBXResourcesBuildPhase section */
		RES00000000000000000000001 /* Resources */ = {
			isa = PBXResourcesBuildPhase;
			buildActionMask = 2147483647;
			files = (
				BF0000000000000000000013 /* Assets.xcassets in Resources */,
				BF0000000000000000000039 /* NotoSerifCJKsc-Regular.otf in Resources */,
				BF000000000000000000003A /* NotoSerif-LICENSE.txt in Resources */,
				BF000000000000000000001A /* BundledPoetryCorpus_part01.txt in Resources */,
				BF000000000000000000001B /* BundledPoetryCorpus_part02.txt in Resources */,
				BF000000000000000000001C /* BundledPoetryCorpus_part03.txt in Resources */,
				BF000000000000000000001D /* BundledPoetryCorpus_part04.txt in Resources */,
				BF000000000000000000001E /* BundledPoetryCorpus_part05.txt in Resources */,
				BF000000000000000000001F /* BundledPoetryCorpus_part06.txt in Resources */,
				BF0000000000000000000020 /* README_CORPUS.txt in Resources */,
				BF0000000000000000000028 /* AnthologyTOC.md in Resources */,
				BF0000000000000000000026 /* BundledAnthology in Resources */,
			);
			runOnlyForDeploymentPostprocessing = 0;
		};
/* End PBXResourcesBuildPhase section */

/* Begin PBXSourcesBuildPhase section */
		SRC00000000000000000000001 /* Sources */ = {
			isa = PBXSourcesBuildPhase;
			buildActionMask = 2147483647;
			files = (
				BF0000000000000000000001 /* MaozedongReaderApp.swift in Sources */,
				BF0000000000000000000003 /* DocumentCategory.swift in Sources */,
				BF0000000000000000000004 /* DocumentItem.swift in Sources */,
				BF0000000000000000000005 /* ReaderStateSnapshot.swift in Sources */,
				BF0000000000000000000006 /* ReadingPreferences.swift in Sources */,
				BF0000000000000000000007 /* DocumentStore.swift in Sources */,
				BF0000000000000000000037 /* AppFonts.swift in Sources */,
				BF0000000000000000000008 /* InlineMarkdownFormatter.swift in Sources */,
				BF0000000000000000000009 /* MarkdownBlockParser.swift in Sources */,
				BF000000000000000000000A /* PlainTextFileImporter.swift in Sources */,
				BF000000000000000000000B /* PlainTextParagraphs.swift in Sources */,
				BF000000000000000000000C /* SpeechService.swift in Sources */,
				BF000000000000000000000D /* StableUUID.swift in Sources */,
				BF0000000000000000000018 /* PoetryCorpusParser.swift in Sources */,
				BF0000000000000000000019 /* BundledPoetryImporter.swift in Sources */,
				BF000000000000000000000E /* LibraryView.swift in Sources */,
				BF0000000000000000000021 /* PoetryReaderPager.swift in Sources */,
				BF0000000000000000000024 /* AnthologyReaderPager.swift in Sources */,
				BF0000000000000000000034 /* HorizontalReaderPager.swift in Sources */,
				BF0000000000000000000027 /* BundledAnthologyImporter.swift in Sources */,
				BF0000000000000000000029 /* AnthologyTocParser.swift in Sources */,
				BF000000000000000000002D /* LeadLayoutNormalizer.swift in Sources */,
				BF000000000000000000003B /* LibrarySearchIndex.swift in Sources */,
				BF0000000000000000000022 /* PoemDateExtractor.swift in Sources */,
				BF0000000000000000000023 /* DocumentItem+Sort.swift in Sources */,
				BF000000000000000000000F /* ReaderView.swift in Sources */,
				BF0000000000000000000010 /* SettingsPanel.swift in Sources */,
				BF000000000000000000002A /* AppTheming.swift in Sources */,
				BF0000000000000000000038 /* AppTypography.swift in Sources */,
				BF000000000000000000002B /* AppAppearanceUIKit.swift in Sources */,
				BF000000000000000000002C /* ReaderTypography.swift in Sources */,
				BF000000000000000000002F /* LibraryRoute.swift in Sources */,
				BF0000000000000000000030 /* ReadingThemeResolver.swift in Sources */,
				BF0000000000000000000033 /* ActivityShareSheet.swift in Sources */,
			);
			runOnlyForDeploymentPostprocessing = 0;
		};
/* End PBXSourcesBuildPhase section */

/* Begin XCBuildConfiguration section */
		BCFG0000000000000000000001 /* Debug */ = {
			isa = XCBuildConfiguration;
			buildSettings = {
				ALWAYS_SEARCH_USER_PATHS = NO;
				ASSETCATALOG_COMPILER_GENERATE_SWIFT_ASSET_SYMBOL_EXTENSIONS = YES;
				CLANG_ANALYZER_NONNULL = YES;
				CLANG_ANALYZER_NUMBER_OBJECT_CONVERSION = YES_AGGRESSIVE;
				CLANG_CXX_LANGUAGE_STANDARD = "gnu++20";
				CLANG_ENABLE_MODULES = YES;
				CLANG_ENABLE_OBJC_ARC = YES;
				CLANG_ENABLE_OBJC_WEAK = YES;
				CLANG_WARN_BLOCK_CAPTURE_AUTORELEASING = YES;
				CLANG_WARN_BOOL_CONVERSION = YES;
				CLANG_WARN_COMMA = YES;
				CLANG_WARN_CONSTANT_CONVERSION = YES;
				CLANG_WARN_DEPRECATED_OBJC_IMPLEMENTATIONS = YES;
				CLANG_WARN_DIRECT_OBJC_ISA_USAGE = YES_ERROR;
				CLANG_WARN_DOCUMENTATION_COMMENTS = YES;
				CLANG_WARN_EMPTY_BODY = YES;
				CLANG_WARN_ENUM_CONVERSION = YES;
				CLANG_WARN_INFINITE_RECURSION = YES;
				CLANG_WARN_INT_CONVERSION = YES;
				CLANG_WARN_NON_LITERAL_NULL_CONVERSION = YES;
				CLANG_WARN_OBJC_IMPLICIT_RETAIN_SELF = YES;
				CLANG_WARN_OBJC_LITERAL_CONVERSION = YES;
				CLANG_WARN_OBJC_ROOT_CLASS = YES_ERROR;
				CLANG_WARN_QUOTED_INCLUDE_IN_FRAMEWORK_HEADER = YES;
				CLANG_WARN_RANGE_LOOP_ANALYSIS = YES;
				CLANG_WARN_STRICT_PROTOTYPES = YES;
				CLANG_WARN_SUSPICIOUS_MOVE = YES;
				CLANG_WARN_UNGUARDED_AVAILABILITY = YES_AGGRESSIVE;
				CLANG_WARN_UNREACHABLE_CODE = YES;
				CLANG_WARN__DUPLICATE_METHOD_MATCH = YES;
				COPY_PHASE_STRIP = NO;
				DEBUG_INFORMATION_FORMAT = dwarf;
				ENABLE_STRICT_OBJC_MSGSEND = YES;
				ENABLE_TESTABILITY = YES;
				ENABLE_USER_SCRIPT_SANDBOXING = YES;
				GCC_C_LANGUAGE_STANDARD = gnu17;
				GCC_DYNAMIC_NO_PIC = NO;
				GCC_NO_COMMON_BLOCKS = YES;
				GCC_OPTIMIZATION_LEVEL = 0;
				GCC_PREPROCESSOR_DEFINITIONS = (
					"DEBUG=1",
					"$(inherited)",
				);
				GCC_WARN_64_TO_32_BIT_CONVERSION = YES;
				GCC_WARN_ABOUT_RETURN_TYPE = YES_ERROR;
				GCC_WARN_UNDECLARED_SELECTOR = YES;
				GCC_WARN_UNINITIALIZED_AUTOS = YES_AGGRESSIVE;
				GCC_WARN_UNUSED_FUNCTION = YES;
				GCC_WARN_UNUSED_VARIABLE = YES;
				IPHONEOS_DEPLOYMENT_TARGET = 17.0;
				LOCALIZATION_PREFERS_STRING_CATALOGS = YES;
				MTL_ENABLE_DEBUG_INFO = INCLUDE_SOURCE;
				MTL_FAST_MATH = YES;
				ONLY_ACTIVE_ARCH = YES;
				SDKROOT = iphoneos;
				SWIFT_ACTIVE_COMPILATION_CONDITIONS = "DEBUG $(inherited)";
				SWIFT_OPTIMIZATION_LEVEL = "-Onone";
			};
			name = Debug;
		};
		BCFG0000000000000000000002 /* Release */ = {
			isa = XCBuildConfiguration;
			buildSettings = {
				ALWAYS_SEARCH_USER_PATHS = NO;
				ASSETCATALOG_COMPILER_GENERATE_SWIFT_ASSET_SYMBOL_EXTENSIONS = YES;
				CLANG_ANALYZER_NONNULL = YES;
				CLANG_ANALYZER_NUMBER_OBJECT_CONVERSION = YES_AGGRESSIVE;
				CLANG_CXX_LANGUAGE_STANDARD = "gnu++20";
				CLANG_ENABLE_MODULES = YES;
				CLANG_ENABLE_OBJC_ARC = YES;
				CLANG_ENABLE_OBJC_WEAK = YES;
				CLANG_WARN_BLOCK_CAPTURE_AUTORELEASING = YES;
				CLANG_WARN_BOOL_CONVERSION = YES;
				CLANG_WARN_COMMA = YES;
				CLANG_WARN_CONSTANT_CONVERSION = YES;
				CLANG_WARN_DEPRECATED_OBJC_IMPLEMENTATIONS = YES;
				CLANG_WARN_DIRECT_OBJC_ISA_USAGE = YES_ERROR;
				CLANG_WARN_DOCUMENTATION_COMMENTS = YES;
				CLANG_WARN_EMPTY_BODY = YES;
				CLANG_WARN_ENUM_CONVERSION = YES;
				CLANG_WARN_INFINITE_RECURSION = YES;
				CLANG_WARN_INT_CONVERSION = YES;
				CLANG_WARN_NON_LITERAL_NULL_CONVERSION = YES;
				CLANG_WARN_OBJC_IMPLICIT_RETAIN_SELF = YES;
				CLANG_WARN_OBJC_LITERAL_CONVERSION = YES;
				CLANG_WARN_OBJC_ROOT_CLASS = YES_ERROR;
				CLANG_WARN_QUOTED_INCLUDE_IN_FRAMEWORK_HEADER = YES;
				CLANG_WARN_RANGE_LOOP_ANALYSIS = YES;
				CLANG_WARN_STRICT_PROTOTYPES = YES;
				CLANG_WARN_SUSPICIOUS_MOVE = YES;
				CLANG_WARN_UNGUARDED_AVAILABILITY = YES_AGGRESSIVE;
				CLANG_WARN_UNREACHABLE_CODE = YES;
				CLANG_WARN__DUPLICATE_METHOD_MATCH = YES;
				COPY_PHASE_STRIP = NO;
				DEBUG_INFORMATION_FORMAT = "dwarf-with-dsym";
				ENABLE_NS_ASSERTIONS = NO;
				ENABLE_STRICT_OBJC_MSGSEND = YES;
				ENABLE_USER_SCRIPT_SANDBOXING = YES;
				GCC_C_LANGUAGE_STANDARD = gnu17;
				GCC_NO_COMMON_BLOCKS = YES;
				GCC_WARN_64_TO_32_BIT_CONVERSION = YES;
				GCC_WARN_ABOUT_RETURN_TYPE = YES_ERROR;
				GCC_WARN_UNDECLARED_SELECTOR = YES;
				GCC_WARN_UNINITIALIZED_AUTOS = YES_AGGRESSIVE;
				GCC_WARN_UNUSED_FUNCTION = YES;
				GCC_WARN_UNUSED_VARIABLE = YES;
				IPHONEOS_DEPLOYMENT_TARGET = 17.0;
				LOCALIZATION_PREFERS_STRING_CATALOGS = YES;
				MTL_ENABLE_DEBUG_INFO = NO;
				MTL_FAST_MATH = YES;
				SDKROOT = iphoneos;
				SWIFT_COMPILATION_MODE = wholemodule;
				VALIDATE_PRODUCT = YES;
			};
			name = Release;
		};
		BCFG0000000000000000000003 /* Debug */ = {
			isa = XCBuildConfiguration;
			buildSettings = {
				ASSETCATALOG_COMPILER_APPICON_NAME = AppIcon;
				ASSETCATALOG_COMPILER_GLOBAL_ACCENT_COLOR_NAME = AccentColor;
				"CODE_SIGN_IDENTITY[sdk=iphonesimulator*]" = "-";
				CODE_SIGN_STYLE = Automatic;
				CURRENT_PROJECT_VERSION = 1;
				DEVELOPMENT_TEAM = "";
				ENABLE_PREVIEWS = YES;
				GENERATE_INFOPLIST_FILE = YES;
				INFOPLIST_FILE = MaozedongReader/Info.plist;
				INFOPLIST_KEY_CFBundleDisplayName = "学习课本";
				INFOPLIST_KEY_UIApplicationSceneManifest_Generation = YES;
				INFOPLIST_KEY_UIApplicationSupportsIndirectInputEvents = YES;
				INFOPLIST_KEY_UILaunchScreen_Generation = YES;
				INFOPLIST_KEY_UISupportedInterfaceOrientations_iPad = "UIInterfaceOrientationPortrait UIInterfaceOrientationPortraitUpsideDown UIInterfaceOrientationLandscapeLeft UIInterfaceOrientationLandscapeRight";
				INFOPLIST_KEY_UISupportedInterfaceOrientations_iPhone = "UIInterfaceOrientationPortrait UIInterfaceOrientationLandscapeLeft UIInterfaceOrientationLandscapeRight";
				LD_RUNPATH_SEARCH_PATHS = (
					"$(inherited)",
					"@executable_path/Frameworks",
				);
				MARKETING_VERSION = 1.0;
				PRODUCT_BUNDLE_IDENTIFIER = com.example.MaozedongReader;
				PRODUCT_NAME = "$(TARGET_NAME)";
				SWIFT_EMIT_LOC_STRINGS = YES;
				SWIFT_STRICT_CONCURRENCY = minimal;
				SWIFT_VERSION = 5.0;
				TARGETED_DEVICE_FAMILY = "1,2";
			};
			name = Debug;
		};
		BCFG0000000000000000000004 /* Release */ = {
			isa = XCBuildConfiguration;
			buildSettings = {
				ASSETCATALOG_COMPILER_APPICON_NAME = AppIcon;
				ASSETCATALOG_COMPILER_GLOBAL_ACCENT_COLOR_NAME = AccentColor;
				"CODE_SIGN_IDENTITY[sdk=iphonesimulator*]" = "-";
				CODE_SIGN_STYLE = Automatic;
				CURRENT_PROJECT_VERSION = 1;
				DEVELOPMENT_TEAM = "";
				ENABLE_PREVIEWS = YES;
				GENERATE_INFOPLIST_FILE = YES;
				INFOPLIST_FILE = MaozedongReader/Info.plist;
				INFOPLIST_KEY_CFBundleDisplayName = "学习课本";
				INFOPLIST_KEY_UIApplicationSceneManifest_Generation = YES;
				INFOPLIST_KEY_UIApplicationSupportsIndirectInputEvents = YES;
				INFOPLIST_KEY_UILaunchScreen_Generation = YES;
				INFOPLIST_KEY_UISupportedInterfaceOrientations_iPad = "UIInterfaceOrientationPortrait UIInterfaceOrientationPortraitUpsideDown UIInterfaceOrientationLandscapeLeft UIInterfaceOrientationLandscapeRight";
				INFOPLIST_KEY_UISupportedInterfaceOrientations_iPhone = "UIInterfaceOrientationPortrait UIInterfaceOrientationLandscapeLeft UIInterfaceOrientationLandscapeRight";
				LD_RUNPATH_SEARCH_PATHS = (
					"$(inherited)",
					"@executable_path/Frameworks",
				);
				MARKETING_VERSION = 1.0;
				PRODUCT_BUNDLE_IDENTIFIER = com.example.MaozedongReader;
				PRODUCT_NAME = "$(TARGET_NAME)";
				SWIFT_EMIT_LOC_STRINGS = YES;
				SWIFT_STRICT_CONCURRENCY = minimal;
				SWIFT_VERSION = 5.0;
				TARGETED_DEVICE_FAMILY = "1,2";
			};
			name = Release;
		};
/* End XCBuildConfiguration section */

/* Begin XCConfigurationList section */
		BCL00000000000000000000001 /* Build configuration list for PBXProject "MaozedongReader" */ = {
			isa = XCConfigurationList;
			buildConfigurations = (
				BCFG0000000000000000000001 /* Debug */,
				BCFG0000000000000000000002 /* Release */,
			);
			defaultConfigurationIsVisible = 0;
			defaultConfigurationName = Release;
		};
		BCL00000000000000000000002 /* Build configuration list for PBXNativeTarget "MaozedongReader" */ = {
			isa = XCConfigurationList;
			buildConfigurations = (
				BCFG0000000000000000000003 /* Debug */,
				BCFG0000000000000000000004 /* Release */,
			);
			defaultConfigurationIsVisible = 0;
			defaultConfigurationName = Release;
		};
/* End XCConfigurationList section */
	};
	rootObject = PRJ00000000000000000000001 /* Project object */;
}
